
Microsoft Visual Studio Solution File, Format Version 12.00
# Visual Studio Version 17
VisualStudioVersion = 17.7.34031.279
MinimumVisualStudioVersion = 10.0.40219.1
Project("{FAE04EC0-301F-11D3-BF4B-00C04F79EFBC}") = "WebScraping Demo", "WebScraping Demo\WebScraping Demo.csproj", "{8296B8BF-5AA0-4AC9-B86A-1536B6900B16}"
EndProject
Global
	GlobalSection(SolutionConfigurationPlatforms) = preSolution
		Debug|Any CPU = Debug|Any CPU
		Release|Any CPU = Release|Any CPU
	EndGlobalSection
	GlobalSection(ProjectConfigurationPlatforms) = postSolution
		{8296B8BF-5AA0-4AC9-B86A-1536B6900B16}.Debug|Any CPU.ActiveCfg = Debug|Any CPU
		{8296B8BF-5AA0-4AC9-B86A-1536B6900B16}.Debug|Any CPU.Build.0 = Debug|Any CPU
		{8296B8BF-5AA0-4AC9-B86A-1536B6900B16}.Release|Any CPU.ActiveCfg = Release|Any CPU
		{8296B8BF-5AA0-4AC9-B86A-1536B6900B16}.Release|Any CPU.Build.0 = Release|Any CPU
	EndGlobalSection
	GlobalSection(SolutionProperties) = preSolution
		HideSolutionNode = FALSE
	EndGlobalSection
	GlobalSection(ExtensibilityGlobals) = postSolution
		SolutionGuid = {5168B3E2-3A96-48FF-B34D-A51B7801957F}
	EndGlobalSection
EndGlobal
